
Microsoft Visual Studio Solution File, Format Version 12.00
# Visual Studio Version 17
VisualStudioVersion = 17.5.33414.496
MinimumVisualStudioVersion = 10.0.40219.1
Project("{FAE04EC0-301F-11D3-BF4B-00C04F79EFBC}") = "TruongDangKhoa_2011061614", "TruongDangKhoa_2011061614\TruongDangKhoa_2011061614.csproj", "{B1AF4176-5333-43EE-A86A-444A9B2640D3}"
EndProject
Global
	GlobalSection(SolutionConfigurationPlatforms) = preSolution
		Debug|Any CPU = Debug|Any CPU
		Release|Any CPU = Release|Any CPU
	EndGlobalSection
	GlobalSection(ProjectConfigurationPlatforms) = postSolution
		{B1AF4176-5333-43EE-A86A-444A9B2640D3}.Debug|Any CPU.ActiveCfg = Debug|Any CPU
		{B1AF4176-5333-43EE-A86A-444A9B2640D3}.Debug|Any CPU.Build.0 = Debug|Any CPU
		{B1AF4176-5333-43EE-A86A-444A9B2640D3}.Release|Any CPU.ActiveCfg = Release|Any CPU
		{B1AF4176-5333-43EE-A86A-444A9B2640D3}.Release|Any CPU.Build.0 = Release|Any CPU
	EndGlobalSection
	GlobalSection(SolutionProperties) = preSolution
		HideSolutionNode = FALSE
	EndGlobalSection
	GlobalSection(ExtensibilityGlobals) = postSolution
		SolutionGuid = {ADAA8BA2-601F-4650-A807-C05B62472E60}
	EndGlobalSection
EndGlobal
